
Microsoft Visual Studio Solution File, Format Version 12.00
# Visual Studio Version 16
VisualStudioVersion = 16.0.31313.79
MinimumVisualStudioVersion = 10.0.40219.1
Project("{FAE04EC0-301F-11D3-BF4B-00C04F79EFBC}") = "Maily", "Maily.csproj", "{A9D88C9C-7C84-4002-82AF-A1DC902A381F}"
EndProject
Global
	GlobalSection(SolutionConfigurationPlatforms) = preSolution
		Debug|Any CPU = Debug|Any CPU
		Release|Any CPU = Release|Any CPU
	EndGlobalSection
	GlobalSection(ProjectConfigurationPlatforms) = postSolution
		{A9D88C9C-7C84-4002-82AF-A1DC902A381F}.Debug|Any CPU.ActiveCfg = Debug|Any CPU
		{A9D88C9C-7C84-4002-82AF-A1DC902A381F}.Debug|Any CPU.Build.0 = Debug|Any CPU
		{A9D88C9C-7C84-4002-82AF-A1DC902A381F}.Release|Any CPU.ActiveCfg = Release|Any CPU
		{A9D88C9C-7C84-4002-82AF-A1DC902A381F}.Release|Any CPU.Build.0 = Release|Any CPU
	EndGlobalSection
	GlobalSection(SolutionProperties) = preSolution
		HideSolutionNode = FALSE
	EndGlobalSection
	GlobalSection(ExtensibilityGlobals) = postSolution
		SolutionGuid = {B0F37D04-5DA4-4F57-874E-774F501F1004}
	EndGlobalSection
EndGlobal
